
Microsoft Visual Studio Solution File, Format Version 12.00
# Visual Studio Version 16
VisualStudioVersion = 16.0.31727.386
MinimumVisualStudioVersion = 10.0.40219.1
Project("{FAE04EC0-301F-11D3-BF4B-00C04F79EFBC}") = "GarciaMaExamen.Android", "GarciaMaExamen.Android\GarciaMaExamen.Android.csproj", "{C797FFC6-2A7C-4B68-856D-8F5A2C914AB4}"
EndProject
Project("{FAE04EC0-301F-11D3-BF4B-00C04F79EFBC}") = "GarciaMaExamen.iOS", "GarciaMaExamen.iOS\GarciaMaExamen.iOS.csproj", "{50A73924-FAF2-4374-8A9E-4C21ABA819A4}"
EndProject
Project("{FAE04EC0-301F-11D3-BF4B-00C04F79EFBC}") = "GarciaMaExamen", "GarciaMaExamen\GarciaMaExamen.csproj", "{58472A34-3657-483B-A62C-830480390D29}"
EndProject
Global
	GlobalSection(SolutionConfigurationPlatforms) = preSolution
		Debug|Any CPU = Debug|Any CPU
		Debug|iPhone = Debug|iPhone
		Debug|iPhoneSimulator = Debug|iPhoneSimulator
		Release|Any CPU = Release|Any CPU
		Release|iPhone = Release|iPhone
		Release|iPhoneSimulator = Release|iPhoneSimulator
	EndGlobalSection
	GlobalSection(ProjectConfigurationPlatforms) = postSolution
		{C797FFC6-2A7C-4B68-856D-8F5A2C914AB4}.Debug|Any CPU.ActiveCfg = Debug|Any CPU
		{C797FFC6-2A7C-4B68-856D-8F5A2C914AB4}.Debug|Any CPU.Build.0 = Debug|Any CPU
		{C797FFC6-2A7C-4B68-856D-8F5A2C914AB4}.Debug|Any CPU.Deploy.0 = Debug|Any CPU
		{C797FFC6-2A7C-4B68-856D-8F5A2C914AB4}.Debug|iPhone.ActiveCfg = Debug|Any CPU
		{C797FFC6-2A7C-4B68-856D-8F5A2C914AB4}.Debug|iPhone.Build.0 = Debug|Any CPU
		{C797FFC6-2A7C-4B68-856D-8F5A2C914AB4}.Debug|iPhone.Deploy.0 = Debug|Any CPU
		{C797FFC6-2A7C-4B68-856D-8F5A2C914AB4}.Debug|iPhoneSimulator.ActiveCfg = Debug|Any CPU
		{C797FFC6-2A7C-4B68-856D-8F5A2C914AB4}.Debug|iPhoneSimulator.Build.0 = Debug|Any CPU
		{C797FFC6-2A7C-4B68-856D-8F5A2C914AB4}.Debug|iPhoneSimulator.Deploy.0 = Debug|Any CPU
		{C797FFC6-2A7C-4B68-856D-8F5A2C914AB4}.Release|Any CPU.ActiveCfg = Release|Any CPU
		{C797FFC6-2A7C-4B68-856D-8F5A2C914AB4}.Release|Any CPU.Build.0 = Release|Any CPU
		{C797FFC6-2A7C-4B68-856D-8F5A2C914AB4}.Release|Any CPU.Deploy.0 = Release|Any CPU
		{C797FFC6-2A7C-4B68-856D-8F5A2C914AB4}.Release|iPhone.ActiveCfg = Release|Any CPU
		{C797FFC6-2A7C-4B68-856D-8F5A2C914AB4}.Release|iPhone.Build.0 = Release|Any CPU
		{C797FFC6-2A7C-4B68-856D-8F5A2C914AB4}.Release|iPhone.Deploy.0 = Release|Any CPU
		{C797FFC6-2A7C-4B68-856D-8F5A2C914AB4}.Release|iPhoneSimulator.ActiveCfg = Release|Any CPU
		{C797FFC6-2A7C-4B68-856D-8F5A2C914AB4}.Release|iPhoneSimulator.Build.0 = Release|Any CPU
		{C797FFC6-2A7C-4B68-856D-8F5A2C914AB4}.Release|iPhoneSimulator.Deploy.0 = Release|Any CPU
		{50A73924-FAF2-4374-8A9E-4C21ABA819A4}.Debug|Any CPU.ActiveCfg = Debug|iPhone
		{50A73924-FAF2-4374-8A9E-4C21ABA819A4}.Debug|Any CPU.Build.0 = Debug|iPhone
		{50A73924-FAF2-4374-8A9E-4C21ABA819A4}.Debug|Any CPU.Deploy.0 = Debug|iPhone
		{50A73924-FAF2-4374-8A9E-4C21ABA819A4}.Debug|iPhone.ActiveCfg = Debug|iPhone
		{50A73924-FAF2-4374-8A9E-4C21ABA819A4}.Debug|iPhone.Build.0 = Debug|iPhone
		{50A73924-FAF2-4374-8A9E-4C21ABA819A4}.Debug|iPhone.Deploy.0 = Debug|iPhone
		{50A73924-FAF2-4374-8A9E-4C21ABA819A4}.Debug|iPhoneSimulator.ActiveCfg = Debug|iPhoneSimulator
		{50A73924-FAF2-4374-8A9E-4C21ABA819A4}.Debug|iPhoneSimulator.Build.0 = Debug|iPhoneSimulator
		{50A73924-FAF2-4374-8A9E-4C21ABA819A4}.Debug|iPhoneSimulator.Deploy.0 = Debug|iPhoneSimulator
		{50A73924-FAF2-4374-8A9E-4C21ABA819A4}.Release|Any CPU.ActiveCfg = Release|iPhoneSimulator
		{50A73924-FAF2-4374-8A9E-4C21ABA819A4}.Release|Any CPU.Build.0 = Release|iPhoneSimulator
		{50A73924-FAF2-4374-8A9E-4C21ABA819A4}.Release|Any CPU.Deploy.0 = Release|iPhoneSimulator
		{50A73924-FAF2-4374-8A9E-4C21ABA819A4}.Release|iPhone.ActiveCfg = Release|iPhone
		{50A73924-FAF2-4374-8A9E-4C21ABA819A4}.Release|iPhone.Build.0 = Release|iPhone
		{50A73924-FAF2-4374-8A9E-4C21ABA819A4}.Release|iPhone.Deploy.0 = Release|iPhone
		{50A73924-FAF2-4374-8A9E-4C21ABA819A4}.Release|iPhoneSimulator.ActiveCfg = Release|iPhoneSimulator
		{50A73924-FAF2-4374-8A9E-4C21ABA819A4}.Release|iPhoneSimulator.Build.0 = Release|iPhoneSimulator
		{50A73924-FAF2-4374-8A9E-4C21ABA819A4}.Release|iPhoneSimulator.Deploy.0 = Release|iPhoneSimulator
		{58472A34-3657-483B-A62C-830480390D29}.Debug|Any CPU.ActiveCfg = Debug|Any CPU
		{58472A34-3657-483B-A62C-830480390D29}.Debug|Any CPU.Build.0 = Debug|Any CPU
		{58472A34-3657-483B-A62C-830480390D29}.Debug|Any CPU.Deploy.0 = Debug|Any CPU
		{58472A34-3657-483B-A62C-830480390D29}.Debug|iPhone.ActiveCfg = Debug|Any CPU
		{58472A34-3657-483B-A62C-830480390D29}.Debug|iPhone.Build.0 = Debug|Any CPU
		{58472A34-3657-483B-A62C-830480390D29}.Debug|iPhone.Deploy.0 = Debug|Any CPU
		{58472A34-3657-483B-A62C-830480390D29}.Debug|iPhoneSimulator.ActiveCfg = Debug|Any CPU
		{58472A34-3657-483B-A62C-830480390D29}.Debug|iPhoneSimulator.Build.0 = Debug|Any CPU
		{58472A34-3657-483B-A62C-830480390D29}.Debug|iPhoneSimulator.Deploy.0 = Debug|Any CPU
		{58472A34-3657-483B-A62C-830480390D29}.Release|Any CPU.ActiveCfg = Release|Any CPU
		{58472A34-3657-483B-A62C-830480390D29}.Release|Any CPU.Build.0 = Release|Any CPU
		{58472A34-3657-483B-A62C-830480390D29}.Release|Any CPU.Deploy.0 = Release|Any CPU
		{58472A34-3657-483B-A62C-830480390D29}.Release|iPhone.ActiveCfg = Release|Any CPU
		{58472A34-3657-483B-A62C-830480390D29}.Release|iPhone.Build.0 = Release|Any CPU
		{58472A34-3657-483B-A62C-830480390D29}.Release|iPhone.Deploy.0 = Release|Any CPU
		{58472A34-3657-483B-A62C-830480390D29}.Release|iPhoneSimulator.ActiveCfg = Release|Any CPU
		{58472A34-3657-483B-A62C-830480390D29}.Release|iPhoneSimulator.Build.0 = Release|Any CPU
		{58472A34-3657-483B-A62C-830480390D29}.Release|iPhoneSimulator.Deploy.0 = Release|Any CPU
	EndGlobalSection
	GlobalSection(SolutionProperties) = preSolution
		HideSolutionNode = FALSE
	EndGlobalSection
	GlobalSection(ExtensibilityGlobals) = postSolution
		SolutionGuid = {003E4676-16B0-4BA7-ABF0-A3E456CCBF3B}
	EndGlobalSection
EndGlobal
